// !$*UTF8*$!
{
	archiveVersion = 1;
	classes = {
	};
	objectVersion = 56;
	objects = {

/* Begin PBXBuildFile section */
		BE24EE092AB9E3A10060D991 /* CalendarView.swift in Sources */ = {isa = PBXBuildFile; fileRef = BE24EE082AB9E3A10060D991 /* CalendarView.swift */; };
		BE356A7E2AA8CF1E00C8FD8E /* StaggeredGrid.swift in Sources */ = {isa = PBXBuildFile; fileRef = BE356A7D2AA8CF1D00C8FD8E /* StaggeredGrid.swift */; };
		BE356A802AA8D14000C8FD8E /* BackgroundView.swift in Sources */ = {isa = PBXBuildFile; fileRef = BE356A7F2AA8D14000C8FD8E /* BackgroundView.swift */; };
		BE356A832AA8D34200C8FD8E /* Color.swift in Sources */ = {isa = PBXBuildFile; fileRef = BE356A822AA8D34200C8FD8E /* Color.swift */; };
		BE356A852AA8D5E700C8FD8E /* RoundedRectangleShape.swift in Sources */ = {isa = PBXBuildFile; fileRef = BE356A842AA8D5E700C8FD8E /* RoundedRectangleShape.swift */; };
		BE356A892AA8DDCB00C8FD8E /* RoadMap.swift in Sources */ = {isa = PBXBuildFile; fileRef = BE356A882AA8DDCB00C8FD8E /* RoadMap.swift */; };
		BE356A8B2AA8DE5000C8FD8E /* RoadMapViewModel.swift in Sources */ = {isa = PBXBuildFile; fileRef = BE356A8A2AA8DE5000C8FD8E /* RoadMapViewModel.swift */; };
		BE356A8F2AA8F23B00C8FD8E /* WebView.swift in Sources */ = {isa = PBXBuildFile; fileRef = BE356A8E2AA8F23B00C8FD8E /* WebView.swift */; };
		BE356A932AA908AA00C8FD8E /* IDev.xcdatamodeld in Sources */ = {isa = PBXBuildFile; fileRef = BE356A912AA908AA00C8FD8E /* IDev.xcdatamodeld */; };
		BE356A952AA90AA800C8FD8E /* CoreDataManager.swift in Sources */ = {isa = PBXBuildFile; fileRef = BE356A942AA90AA800C8FD8E /* CoreDataManager.swift */; };
		BE356A972AA90B7600C8FD8E /* CoreDataViewModel.swift in Sources */ = {isa = PBXBuildFile; fileRef = BE356A962AA90B7600C8FD8E /* CoreDataViewModel.swift */; };
		BE4DC5DE2AB8CB1B008EB985 /* HomeView.swift in Sources */ = {isa = PBXBuildFile; fileRef = BE4DC5DD2AB8CB1B008EB985 /* HomeView.swift */; };
		BE6DBD782AA9243C00117F36 /* AddNoteView.swift in Sources */ = {isa = PBXBuildFile; fileRef = BE6DBD772AA9243C00117F36 /* AddNoteView.swift */; };
		BE7B85BD2A8A38E80040F293 /* IDevApp.swift in Sources */ = {isa = PBXBuildFile; fileRef = BE7B85BC2A8A38E80040F293 /* IDevApp.swift */; };
		BE7B85BF2A8A38E80040F293 /* ContentView.swift in Sources */ = {isa = PBXBuildFile; fileRef = BE7B85BE2A8A38E80040F293 /* ContentView.swift */; };
		BE7B85C12A8A38E90040F293 /* Assets.xcassets in Resources */ = {isa = PBXBuildFile; fileRef = BE7B85C02A8A38E90040F293 /* Assets.xcassets */; };
		BE7B85C42A8A38E90040F293 /* Preview Assets.xcassets in Resources */ = {isa = PBXBuildFile; fileRef = BE7B85C32A8A38E90040F293 /* Preview Assets.xcassets */; };
		BE9D81252AA9406400D89AB0 /* GoogleService-Info.plist in Resources */ = {isa = PBXBuildFile; fileRef = BE9D81242AA9406400D89AB0 /* GoogleService-Info.plist */; };
		BE9D812F2AA942AA00D89AB0 /* GoogleSignIn in Frameworks */ = {isa = PBXBuildFile; productRef = BE9D812E2AA942AA00D89AB0 /* GoogleSignIn */; };
		BE9D81312AA942AA00D89AB0 /* GoogleSignInSwift in Frameworks */ = {isa = PBXBuildFile; productRef = BE9D81302AA942AA00D89AB0 /* GoogleSignInSwift */; };
		BE9D813C2AA9462600D89AB0 /* FirebaseAuth in Frameworks */ = {isa = PBXBuildFile; productRef = BE9D813B2AA9462600D89AB0 /* FirebaseAuth */; };
		BE9D813E2AA9462600D89AB0 /* FirebaseDatabase in Frameworks */ = {isa = PBXBuildFile; productRef = BE9D813D2AA9462600D89AB0 /* FirebaseDatabase */; };
		BE9D81402AA9462600D89AB0 /* FirebaseFirestore in Frameworks */ = {isa = PBXBuildFile; productRef = BE9D813F2AA9462600D89AB0 /* FirebaseFirestore */; };
		BE9D81422AA9462600D89AB0 /* FirebaseFirestoreSwift in Frameworks */ = {isa = PBXBuildFile; productRef = BE9D81412AA9462600D89AB0 /* FirebaseFirestoreSwift */; };
		BE9D81442AA9462600D89AB0 /* FirebaseStorage in Frameworks */ = {isa = PBXBuildFile; productRef = BE9D81432AA9462600D89AB0 /* FirebaseStorage */; };
		BEB23DF22AB73629009FE2D1 /* DetailWebView.swift in Sources */ = {isa = PBXBuildFile; fileRef = BEB23DF12AB73629009FE2D1 /* DetailWebView.swift */; };
		BEB23DF62AB76633009FE2D1 /* LevelsMapView.swift in Sources */ = {isa = PBXBuildFile; fileRef = BEB23DF52AB76633009FE2D1 /* LevelsMapView.swift */; };
		BEB6C5DA2A8A39D700C6EDCB /* TabBarView.swift in Sources */ = {isa = PBXBuildFile; fileRef = BEB6C5D92A8A39D700C6EDCB /* TabBarView.swift */; };
		BEB6C5DC2A8A3A2400C6EDCB /* ProfileView.swift in Sources */ = {isa = PBXBuildFile; fileRef = BEB6C5DB2A8A3A2400C6EDCB /* ProfileView.swift */; };
		BEB6C5E32A8A3B6200C6EDCB /* RoadMapView.swift in Sources */ = {isa = PBXBuildFile; fileRef = BEB6C5E22A8A3B6200C6EDCB /* RoadMapView.swift */; };
		BEB6C5F12A8CC6B200C6EDCB /* SubView.swift in Sources */ = {isa = PBXBuildFile; fileRef = BEB6C5F02A8CC6B200C6EDCB /* SubView.swift */; };
/* End PBXBuildFile section */

/* Begin PBXFileReference section */
		BE24EE082AB9E3A10060D991 /* CalendarView.swift */ = {isa = PBXFileReference; lastKnownFileType = sourcecode.swift; path = CalendarView.swift; sourceTree = "<group>"; };
		BE356A7D2AA8CF1D00C8FD8E /* StaggeredGrid.swift */ = {isa = PBXFileReference; fileEncoding = 4; lastKnownFileType = sourcecode.swift; path = StaggeredGrid.swift; sourceTree = "<group>"; };
		BE356A7F2AA8D14000C8FD8E /* BackgroundView.swift */ = {isa = PBXFileReference; lastKnownFileType = sourcecode.swift; path = BackgroundView.swift; sourceTree = "<group>"; };
		BE356A822AA8D34200C8FD8E /* Color.swift */ = {isa = PBXFileReference; lastKnownFileType = sourcecode.swift; path = Color.swift; sourceTree = "<group>"; };
		BE356A842AA8D5E700C8FD8E /* RoundedRectangleShape.swift */ = {isa = PBXFileReference; lastKnownFileType = sourcecode.swift; path = RoundedRectangleShape.swift; sourceTree = "<group>"; };
		BE356A882AA8DDCB00C8FD8E /* RoadMap.swift */ = {isa = PBXFileReference; lastKnownFileType = sourcecode.swift; path = RoadMap.swift; sourceTree = "<group>"; };
		BE356A8A2AA8DE5000C8FD8E /* RoadMapViewModel.swift */ = {isa = PBXFileReference; lastKnownFileType = sourcecode.swift; path = RoadMapViewModel.swift; sourceTree = "<group>"; };
		BE356A8E2AA8F23B00C8FD8E /* WebView.swift */ = {isa = PBXFileReference; lastKnownFileType = sourcecode.swift; path = WebView.swift; sourceTree = "<group>"; };
		BE356A922AA908AA00C8FD8E /* IDev.xcdatamodel */ = {isa = PBXFileReference; lastKnownFileType = wrapper.xcdatamodel; path = IDev.xcdatamodel; sourceTree = "<group>"; };
		BE356A942AA90AA800C8FD8E /* CoreDataManager.swift */ = {isa = PBXFileReference; lastKnownFileType = sourcecode.swift; path = CoreDataManager.swift; sourceTree = "<group>"; };
		BE356A962AA90B7600C8FD8E /* CoreDataViewModel.swift */ = {isa = PBXFileReference; lastKnownFileType = sourcecode.swift; path = CoreDataViewModel.swift; sourceTree = "<group>"; };
		BE4DC5DD2AB8CB1B008EB985 /* HomeView.swift */ = {isa = PBXFileReference; lastKnownFileType = sourcecode.swift; path = HomeView.swift; sourceTree = "<group>"; };
		BE6DBD772AA9243C00117F36 /* AddNoteView.swift */ = {isa = PBXFileReference; lastKnownFileType = sourcecode.swift; path = AddNoteView.swift; sourceTree = "<group>"; };
		BE7B85B92A8A38E80040F293 /* IDev.app */ = {isa = PBXFileReference; explicitFileType = wrapper.application; includeInIndex = 0; path = IDev.app; sourceTree = BUILT_PRODUCTS_DIR; };
		BE7B85BC2A8A38E80040F293 /* IDevApp.swift */ = {isa = PBXFileReference; lastKnownFileType = sourcecode.swift; path = IDevApp.swift; sourceTree = "<group>"; };
		BE7B85BE2A8A38E80040F293 /* ContentView.swift */ = {isa = PBXFileReference; lastKnownFileType = sourcecode.swift; path = ContentView.swift; sourceTree = "<group>"; };
		BE7B85C02A8A38E90040F293 /* Assets.xcassets */ = {isa = PBXFileReference; lastKnownFileType = folder.assetcatalog; path = Assets.xcassets; sourceTree = "<group>"; };
		BE7B85C32A8A38E90040F293 /* Preview Assets.xcassets */ = {isa = PBXFileReference; lastKnownFileType = folder.assetcatalog; path = "Preview Assets.xcassets"; sourceTree = "<group>"; };
		BE9D81242AA9406400D89AB0 /* GoogleService-Info.plist */ = {isa = PBXFileReference; fileEncoding = 4; lastKnownFileType = text.plist.xml; path = "GoogleService-Info.plist"; sourceTree = "<group>"; };
		BE9D81452AA9467000D89AB0 /* Info.plist */ = {isa = PBXFileReference; lastKnownFileType = text.plist; path = Info.plist; sourceTree = "<group>"; };
		BEB23DF12AB73629009FE2D1 /* DetailWebView.swift */ = {isa = PBXFileReference; lastKnownFileType = sourcecode.swift; path = DetailWebView.swift; sourceTree = "<group>"; };
		BEB23DF52AB76633009FE2D1 /* LevelsMapView.swift */ = {isa = PBXFileReference; lastKnownFileType = sourcecode.swift; path = LevelsMapView.swift; sourceTree = "<group>"; };
		BEB6C5D92A8A39D700C6EDCB /* TabBarView.swift */ = {isa = PBXFileReference; lastKnownFileType = sourcecode.swift; path = TabBarView.swift; sourceTree = "<group>"; };
		BEB6C5DB2A8A3A2400C6EDCB /* ProfileView.swift */ = {isa = PBXFileReference; lastKnownFileType = sourcecode.swift; path = ProfileView.swift; sourceTree = "<group>"; };
		BEB6C5E22A8A3B6200C6EDCB /* RoadMapView.swift */ = {isa = PBXFileReference; lastKnownFileType = sourcecode.swift; path = RoadMapView.swift; sourceTree = "<group>"; };
		BEB6C5F02A8CC6B200C6EDCB /* SubView.swift */ = {isa = PBXFileReference; lastKnownFileType = sourcecode.swift; path = SubView.swift; sourceTree = "<group>"; };
/* End PBXFileReference section */

/* Begin PBXFrameworksBuildPhase section */
		BE7B85B62A8A38E80040F293 /* Frameworks */ = {
			isa = PBXFrameworksBuildPhase;
			buildActionMask = 2147483647;
			files = (
				BE9D81312AA942AA00D89AB0 /* GoogleSignInSwift in Frameworks */,
				BE9D813C2AA9462600D89AB0 /* FirebaseAuth in Frameworks */,
				BE9D813E2AA9462600D89AB0 /* FirebaseDatabase in Frameworks */,
				BE9D81402AA9462600D89AB0 /* FirebaseFirestore in Frameworks */,
				BE9D81442AA9462600D89AB0 /* FirebaseStorage in Frameworks */,
				BE9D812F2AA942AA00D89AB0 /* GoogleSignIn in Frameworks */,
				BE9D81422AA9462600D89AB0 /* FirebaseFirestoreSwift in Frameworks */,
			);
			runOnlyForDeploymentPostprocessing = 0;
		};
/* End PBXFrameworksBuildPhase section */

/* Begin PBXGroup section */
		BE24EE072AB9E2570060D991 /* Calendar */ = {
			isa = PBXGroup;
			children = (
				BE24EE082AB9E3A10060D991 /* CalendarView.swift */,
			);
			path = Calendar;
			sourceTree = "<group>";
		};
		BE356A812AA8D32900C8FD8E /* Extensions */ = {
			isa = PBXGroup;
			children = (
				BE356A822AA8D34200C8FD8E /* Color.swift */,
			);
			path = Extensions;
			sourceTree = "<group>";
		};
		BE356A862AA8DD2D00C8FD8E /* Model */ = {
			isa = PBXGroup;
			children = (
				BE356A882AA8DDCB00C8FD8E /* RoadMap.swift */,
			);
			path = Model;
			sourceTree = "<group>";
		};
		BE356A902AA9083D00C8FD8E /* CoreData */ = {
			isa = PBXGroup;
			children = (
				BE356A912AA908AA00C8FD8E /* IDev.xcdatamodeld */,
				BE356A942AA90AA800C8FD8E /* CoreDataManager.swift */,
				BE356A962AA90B7600C8FD8E /* CoreDataViewModel.swift */,
			);
			path = CoreData;
			sourceTree = "<group>";
		};
		BE4DC5DF2AB8CB1F008EB985 /* Home */ = {
			isa = PBXGroup;
			children = (
				BE4DC5DD2AB8CB1B008EB985 /* HomeView.swift */,
			);
			path = Home;
			sourceTree = "<group>";
		};
		BE7B85B02A8A38E80040F293 = {
			isa = PBXGroup;
			children = (
				BE7B85BB2A8A38E80040F293 /* IDev */,
				BE7B85BA2A8A38E80040F293 /* Products */,
			);
			sourceTree = "<group>";
		};
		BE7B85BA2A8A38E80040F293 /* Products */ = {
			isa = PBXGroup;
			children = (
				BE7B85B92A8A38E80040F293 /* IDev.app */,
			);
			name = Products;
			sourceTree = "<group>";
		};
		BE7B85BB2A8A38E80040F293 /* IDev */ = {
			isa = PBXGroup;
			children = (
				BE9D81452AA9467000D89AB0 /* Info.plist */,
				BE9D81242AA9406400D89AB0 /* GoogleService-Info.plist */,
				BE7B85BC2A8A38E80040F293 /* IDevApp.swift */,
				BE356A812AA8D32900C8FD8E /* Extensions */,
				BEB6C5D82A8A399A00C6EDCB /* Core */,
				BE356A902AA9083D00C8FD8E /* CoreData */,
				BE7B85C02A8A38E90040F293 /* Assets.xcassets */,
				BE7B85C22A8A38E90040F293 /* Preview Content */,
			);
			path = IDev;
			sourceTree = "<group>";
		};
		BE7B85C22A8A38E90040F293 /* Preview Content */ = {
			isa = PBXGroup;
			children = (
				BE7B85C32A8A38E90040F293 /* Preview Assets.xcassets */,
			);
			path = "Preview Content";
			sourceTree = "<group>";
		};
		BEB6C5D72A8A395600C6EDCB /* View */ = {
			isa = PBXGroup;
			children = (
				BEB6C5EF2A8CC2F400C6EDCB /* Components */,
				BE7B85BE2A8A38E80040F293 /* ContentView.swift */,
				BEB6C5D92A8A39D700C6EDCB /* TabBarView.swift */,
				BE4DC5DF2AB8CB1F008EB985 /* Home */,
				BEB6C5DE2A8A3AAD00C6EDCB /* RoadMap */,
				BE24EE072AB9E2570060D991 /* Calendar */,
				BEB6C5DD2A8A3A3200C6EDCB /* Profile */,
			);
			path = View;
			sourceTree = "<group>";
		};
		BEB6C5D82A8A399A00C6EDCB /* Core */ = {
			isa = PBXGroup;
			children = (
				BE356A862AA8DD2D00C8FD8E /* Model */,
				BEB6C5D72A8A395600C6EDCB /* View */,
			);
			path = Core;
			sourceTree = "<group>";
		};
		BEB6C5DD2A8A3A3200C6EDCB /* Profile */ = {
			isa = PBXGroup;
			children = (
				BEB6C5DB2A8A3A2400C6EDCB /* ProfileView.swift */,
				BE6DBD772AA9243C00117F36 /* AddNoteView.swift */,
			);
			path = Profile;
			sourceTree = "<group>";
		};
		BEB6C5DE2A8A3AAD00C6EDCB /* RoadMap */ = {
			isa = PBXGroup;
			children = (
				BE356A8A2AA8DE5000C8FD8E /* RoadMapViewModel.swift */,
				BEB23DF52AB76633009FE2D1 /* LevelsMapView.swift */,
				BEB6C5E22A8A3B6200C6EDCB /* RoadMapView.swift */,
				BEB6C5F02A8CC6B200C6EDCB /* SubView.swift */,
				BEB23DF12AB73629009FE2D1 /* DetailWebView.swift */,
			);
			path = RoadMap;
			sourceTree = "<group>";
		};
		BEB6C5EF2A8CC2F400C6EDCB /* Components */ = {
			isa = PBXGroup;
			children = (
				BE356A7F2AA8D14000C8FD8E /* BackgroundView.swift */,
				BE356A7D2AA8CF1D00C8FD8E /* StaggeredGrid.swift */,
				BE356A842AA8D5E700C8FD8E /* RoundedRectangleShape.swift */,
				BE356A8E2AA8F23B00C8FD8E /* WebView.swift */,
			);
			path = Components;
			sourceTree = "<group>";
		};
/* End PBXGroup section */

/* Begin PBXNativeTarget section */
		BE7B85B82A8A38E80040F293 /* IDev */ = {
			isa = PBXNativeTarget;
			buildConfigurationList = BE7B85C72A8A38E90040F293 /* Build configuration list for PBXNativeTarget "IDev" */;
			buildPhases = (
				BE7B85B52A8A38E80040F293 /* Sources */,
				BE7B85B62A8A38E80040F293 /* Frameworks */,
				BE7B85B72A8A38E80040F293 /* Resources */,
			);
			buildRules = (
			);
			dependencies = (
			);
			name = IDev;
			packageProductDependencies = (
				BE9D812E2AA942AA00D89AB0 /* GoogleSignIn */,
				BE9D81302AA942AA00D89AB0 /* GoogleSignInSwift */,
				BE9D813B2AA9462600D89AB0 /* FirebaseAuth */,
				BE9D813D2AA9462600D89AB0 /* FirebaseDatabase */,
				BE9D813F2AA9462600D89AB0 /* FirebaseFirestore */,
				BE9D81412AA9462600D89AB0 /* FirebaseFirestoreSwift */,
				BE9D81432AA9462600D89AB0 /* FirebaseStorage */,
			);
			productName = IDev;
			productReference = BE7B85B92A8A38E80040F293 /* IDev.app */;
			productType = "com.apple.product-type.application";
		};
/* End PBXNativeTarget section */

/* Begin PBXProject section */
		BE7B85B12A8A38E80040F293 /* Project object */ = {
			isa = PBXProject;
			attributes = {
				BuildIndependentTargetsInParallel = 1;
				LastSwiftUpdateCheck = 1420;
				LastUpgradeCheck = 1420;
				TargetAttributes = {
					BE7B85B82A8A38E80040F293 = {
						CreatedOnToolsVersion = 14.2;
					};
				};
			};
			buildConfigurationList = BE7B85B42A8A38E80040F293 /* Build configuration list for PBXProject "IDev" */;
			compatibilityVersion = "Xcode 14.0";
			developmentRegion = en;
			hasScannedForEncodings = 0;
			knownRegions = (
				en,
				Base,
			);
			mainGroup = BE7B85B02A8A38E80040F293;
			packageReferences = (
				BE9D812D2AA942AA00D89AB0 /* XCRemoteSwiftPackageReference "GoogleSignIn-iOS" */,
				BE9D813A2AA9462600D89AB0 /* XCRemoteSwiftPackageReference "firebase-ios-sdk" */,
			);
			productRefGroup = BE7B85BA2A8A38E80040F293 /* Products */;
			projectDirPath = "";
			projectRoot = "";
			targets = (
				BE7B85B82A8A38E80040F293 /* IDev */,
			);
		};
/* End PBXProject section */

/* Begin PBXResourcesBuildPhase section */
		BE7B85B72A8A38E80040F293 /* Resources */ = {
			isa = PBXResourcesBuildPhase;
			buildActionMask = 2147483647;
			files = (
				BE7B85C42A8A38E90040F293 /* Preview Assets.xcassets in Resources */,
				BE7B85C12A8A38E90040F293 /* Assets.xcassets in Resources */,
				BE9D81252AA9406400D89AB0 /* GoogleService-Info.plist in Resources */,
			);
			runOnlyForDeploymentPostprocessing = 0;
		};
/* End PBXResourcesBuildPhase section */

/* Begin PBXSourcesBuildPhase section */
		BE7B85B52A8A38E80040F293 /* Sources */ = {
			isa = PBXSourcesBuildPhase;
			buildActionMask = 2147483647;
			files = (
				BEB6C5DC2A8A3A2400C6EDCB /* ProfileView.swift in Sources */,
				BE7B85BF2A8A38E80040F293 /* ContentView.swift in Sources */,
				BE356A802AA8D14000C8FD8E /* BackgroundView.swift in Sources */,
				BE356A952AA90AA800C8FD8E /* CoreDataManager.swift in Sources */,
				BE356A932AA908AA00C8FD8E /* IDev.xcdatamodeld in Sources */,
				BE356A972AA90B7600C8FD8E /* CoreDataViewModel.swift in Sources */,
				BE356A852AA8D5E700C8FD8E /* RoundedRectangleShape.swift in Sources */,
				BEB23DF62AB76633009FE2D1 /* LevelsMapView.swift in Sources */,
				BE24EE092AB9E3A10060D991 /* CalendarView.swift in Sources */,
				BEB6C5DA2A8A39D700C6EDCB /* TabBarView.swift in Sources */,
				BE356A832AA8D34200C8FD8E /* Color.swift in Sources */,
				BE356A8B2AA8DE5000C8FD8E /* RoadMapViewModel.swift in Sources */,
				BEB6C5E32A8A3B6200C6EDCB /* RoadMapView.swift in Sources */,
				BE6DBD782AA9243C00117F36 /* AddNoteView.swift in Sources */,
				BE356A8F2AA8F23B00C8FD8E /* WebView.swift in Sources */,
				BE4DC5DE2AB8CB1B008EB985 /* HomeView.swift in Sources */,
				BEB23DF22AB73629009FE2D1 /* DetailWebView.swift in Sources */,
				BE356A7E2AA8CF1E00C8FD8E /* StaggeredGrid.swift in Sources */,
				BEB6C5F12A8CC6B200C6EDCB /* SubView.swift in Sources */,
				BE7B85BD2A8A38E80040F293 /* IDevApp.swift in Sources */,
				BE356A892AA8DDCB00C8FD8E /* RoadMap.swift in Sources */,
			);
			runOnlyForDeploymentPostprocessing = 0;
		};
/* End PBXSourcesBuildPhase section */

/* Begin XCBuildConfiguration section */
		BE7B85C52A8A38E90040F293 /* Debug */ = {
			isa = XCBuildConfiguration;
			buildSettings = {
				ALWAYS_SEARCH_USER_PATHS = NO;
				CLANG_ANALYZER_NONNULL = YES;
				CLANG_ANALYZER_NUMBER_OBJECT_CONVERSION = YES_AGGRESSIVE;
				CLANG_CXX_LANGUAGE_STANDARD = "gnu++20";
				CLANG_ENABLE_MODULES = YES;
				CLANG_ENABLE_OBJC_ARC = YES;
				CLANG_ENABLE_OBJC_WEAK = YES;
				CLANG_WARN_BLOCK_CAPTURE_AUTORELEASING = YES;
				CLANG_WARN_BOOL_CONVERSION = YES;
				CLANG_WARN_COMMA = YES;
				CLANG_WARN_CONSTANT_CONVERSION = YES;
				CLANG_WARN_DEPRECATED_OBJC_IMPLEMENTATIONS = YES;
				CLANG_WARN_DIRECT_OBJC_ISA_USAGE = YES_ERROR;
				CLANG_WARN_DOCUMENTATION_COMMENTS = YES;
				CLANG_WARN_EMPTY_BODY = YES;
				CLANG_WARN_ENUM_CONVERSION = YES;
				CLANG_WARN_INFINITE_RECURSION = YES;
				CLANG_WARN_INT_CONVERSION = YES;
				CLANG_WARN_NON_LITERAL_NULL_CONVERSION = YES;
				CLANG_WARN_OBJC_IMPLICIT_RETAIN_SELF = YES;
				CLANG_WARN_OBJC_LITERAL_CONVERSION = YES;
				CLANG_WARN_OBJC_ROOT_CLASS = YES_ERROR;
				CLANG_WARN_QUOTED_INCLUDE_IN_FRAMEWORK_HEADER = YES;
				CLANG_WARN_RANGE_LOOP_ANALYSIS = YES;
				CLANG_WARN_STRICT_PROTOTYPES = YES;
				CLANG_WARN_SUSPICIOUS_MOVE = YES;
				CLANG_WARN_UNGUARDED_AVAILABILITY = YES_AGGRESSIVE;
				CLANG_WARN_UNREACHABLE_CODE = YES;
				CLANG_WARN__DUPLICATE_METHOD_MATCH = YES;
				COPY_PHASE_STRIP = NO;
				DEBUG_INFORMATION_FORMAT = dwarf;
				ENABLE_STRICT_OBJC_MSGSEND = YES;
				ENABLE_TESTABILITY = YES;
				GCC_C_LANGUAGE_STANDARD = gnu11;
				GCC_DYNAMIC_NO_PIC = NO;
				GCC_NO_COMMON_BLOCKS = YES;
				GCC_OPTIMIZATION_LEVEL = 0;
				GCC_PREPROCESSOR_DEFINITIONS = (
					"DEBUG=1",
					"$(inherited)",
				);
				GCC_WARN_64_TO_32_BIT_CONVERSION = YES;
				GCC_WARN_ABOUT_RETURN_TYPE = YES_ERROR;
				GCC_WARN_UNDECLARED_SELECTOR = YES;
				GCC_WARN_UNINITIALIZED_AUTOS = YES_AGGRESSIVE;
				GCC_WARN_UNUSED_FUNCTION = YES;
				GCC_WARN_UNUSED_VARIABLE = YES;
				IPHONEOS_DEPLOYMENT_TARGET = 16.2;
				MTL_ENABLE_DEBUG_INFO = INCLUDE_SOURCE;
				MTL_FAST_MATH = YES;
				ONLY_ACTIVE_ARCH = YES;
				SDKROOT = iphoneos;
				SWIFT_ACTIVE_COMPILATION_CONDITIONS = DEBUG;
				SWIFT_OPTIMIZATION_LEVEL = "-Onone";
			};
			name = Debug;
		};
		BE7B85C62A8A38E90040F293 /* Release */ = {
			isa = XCBuildConfiguration;
			buildSettings = {
				ALWAYS_SEARCH_USER_PATHS = NO;
				CLANG_ANALYZER_NONNULL = YES;
				CLANG_ANALYZER_NUMBER_OBJECT_CONVERSION = YES_AGGRESSIVE;
				CLANG_CXX_LANGUAGE_STANDARD = "gnu++20";
				CLANG_ENABLE_MODULES = YES;
				CLANG_ENABLE_OBJC_ARC = YES;
				CLANG_ENABLE_OBJC_WEAK = YES;
				CLANG_WARN_BLOCK_CAPTURE_AUTORELEASING = YES;
				CLANG_WARN_BOOL_CONVERSION = YES;
				CLANG_WARN_COMMA = YES;
				CLANG_WARN_CONSTANT_CONVERSION = YES;
				CLANG_WARN_DEPRECATED_OBJC_IMPLEMENTATIONS = YES;
				CLANG_WARN_DIRECT_OBJC_ISA_USAGE = YES_ERROR;
				CLANG_WARN_DOCUMENTATION_COMMENTS = YES;
				CLANG_WARN_EMPTY_BODY = YES;
				CLANG_WARN_ENUM_CONVERSION = YES;
				CLANG_WARN_INFINITE_RECURSION = YES;
				CLANG_WARN_INT_CONVERSION = YES;
				CLANG_WARN_NON_LITERAL_NULL_CONVERSION = YES;
				CLANG_WARN_OBJC_IMPLICIT_RETAIN_SELF = YES;
				CLANG_WARN_OBJC_LITERAL_CONVERSION = YES;
				CLANG_WARN_OBJC_ROOT_CLASS = YES_ERROR;
				CLANG_WARN_QUOTED_INCLUDE_IN_FRAMEWORK_HEADER = YES;
				CLANG_WARN_RANGE_LOOP_ANALYSIS = YES;
				CLANG_WARN_STRICT_PROTOTYPES = YES;
				CLANG_WARN_SUSPICIOUS_MOVE = YES;
				CLANG_WARN_UNGUARDED_AVAILABILITY = YES_AGGRESSIVE;
				CLANG_WARN_UNREACHABLE_CODE = YES;
				CLANG_WARN__DUPLICATE_METHOD_MATCH = YES;
				COPY_PHASE_STRIP = NO;
				DEBUG_INFORMATION_FORMAT = "dwarf-with-dsym";
				ENABLE_NS_ASSERTIONS = NO;
				ENABLE_STRICT_OBJC_MSGSEND = YES;
				GCC_C_LANGUAGE_STANDARD = gnu11;
				GCC_NO_COMMON_BLOCKS = YES;
				GCC_WARN_64_TO_32_BIT_CONVERSION = YES;
				GCC_WARN_ABOUT_RETURN_TYPE = YES_ERROR;
				GCC_WARN_UNDECLARED_SELECTOR = YES;
				GCC_WARN_UNINITIALIZED_AUTOS = YES_AGGRESSIVE;
				GCC_WARN_UNUSED_FUNCTION = YES;
				GCC_WARN_UNUSED_VARIABLE = YES;
				IPHONEOS_DEPLOYMENT_TARGET = 16.2;
				MTL_ENABLE_DEBUG_INFO = NO;
				MTL_FAST_MATH = YES;
				SDKROOT = iphoneos;
				SWIFT_COMPILATION_MODE = wholemodule;
				SWIFT_OPTIMIZATION_LEVEL = "-O";
				VALIDATE_PRODUCT = YES;
			};
			name = Release;
		};
		BE7B85C82A8A38E90040F293 /* Debug */ = {
			isa = XCBuildConfiguration;
			buildSettings = {
				ASSETCATALOG_COMPILER_APPICON_NAME = AppIcon;
				ASSETCATALOG_COMPILER_GLOBAL_ACCENT_COLOR_NAME = AccentColor;
				CODE_SIGN_STYLE = Automatic;
				CURRENT_PROJECT_VERSION = 1;
				DEVELOPMENT_ASSET_PATHS = "\"IDev/Preview Content\"";
				DEVELOPMENT_TEAM = BFFG86939C;
				ENABLE_PREVIEWS = YES;
				GENERATE_INFOPLIST_FILE = YES;
				INFOPLIST_FILE = IDev/Info.plist;
				INFOPLIST_KEY_UIApplicationSceneManifest_Generation = YES;
				INFOPLIST_KEY_UIApplicationSupportsIndirectInputEvents = YES;
				INFOPLIST_KEY_UILaunchScreen_Generation = YES;
				INFOPLIST_KEY_UISupportedInterfaceOrientations_iPad = "UIInterfaceOrientationPortrait UIInterfaceOrientationPortraitUpsideDown UIInterfaceOrientationLandscapeLeft UIInterfaceOrientationLandscapeRight";
				INFOPLIST_KEY_UISupportedInterfaceOrientations_iPhone = "UIInterfaceOrientationPortrait UIInterfaceOrientationLandscapeLeft UIInterfaceOrientationLandscapeRight";
				LD_RUNPATH_SEARCH_PATHS = (
					"$(inherited)",
					"@executable_path/Frameworks",
				);
				MARKETING_VERSION = 1.0;
				PRODUCT_BUNDLE_IDENTIFIER = com.TaKas.IDev;
				PRODUCT_NAME = "$(TARGET_NAME)";
				SWIFT_EMIT_LOC_STRINGS = YES;
				SWIFT_VERSION = 5.0;
				TARGETED_DEVICE_FAMILY = "1,2";
			};
			name = Debug;
		};
		BE7B85C92A8A38E90040F293 /* Release */ = {
			isa = XCBuildConfiguration;
			buildSettings = {
				ASSETCATALOG_COMPILER_APPICON_NAME = AppIcon;
				ASSETCATALOG_COMPILER_GLOBAL_ACCENT_COLOR_NAME = AccentColor;
				CODE_SIGN_STYLE = Automatic;
				CURRENT_PROJECT_VERSION = 1;
				DEVELOPMENT_ASSET_PATHS = "\"IDev/Preview Content\"";
				DEVELOPMENT_TEAM = BFFG86939C;
				ENABLE_PREVIEWS = YES;
				GENERATE_INFOPLIST_FILE = YES;
				INFOPLIST_FILE = IDev/Info.plist;
				INFOPLIST_KEY_UIApplicationSceneManifest_Generation = YES;
				INFOPLIST_KEY_UIApplicationSupportsIndirectInputEvents = YES;
				INFOPLIST_KEY_UILaunchScreen_Generation = YES;
				INFOPLIST_KEY_UISupportedInterfaceOrientations_iPad = "UIInterfaceOrientationPortrait UIInterfaceOrientationPortraitUpsideDown UIInterfaceOrientationLandscapeLeft UIInterfaceOrientationLandscapeRight";
				INFOPLIST_KEY_UISupportedInterfaceOrientations_iPhone = "UIInterfaceOrientationPortrait UIInterfaceOrientationLandscapeLeft UIInterfaceOrientationLandscapeRight";
				LD_RUNPATH_SEARCH_PATHS = (
					"$(inherited)",
					"@executable_path/Frameworks",
				);
				MARKETING_VERSION = 1.0;
				PRODUCT_BUNDLE_IDENTIFIER = com.TaKas.IDev;
				PRODUCT_NAME = "$(TARGET_NAME)";
				SWIFT_EMIT_LOC_STRINGS = YES;
				SWIFT_VERSION = 5.0;
				TARGETED_DEVICE_FAMILY = "1,2";
			};
			name = Release;
		};
/* End XCBuildConfiguration section */

/* Begin XCConfigurationList section */
		BE7B85B42A8A38E80040F293 /* Build configuration list for PBXProject "IDev" */ = {
			isa = XCConfigurationList;
			buildConfigurations = (
				BE7B85C52A8A38E90040F293 /* Debug */,
				BE7B85C62A8A38E90040F293 /* Release */,
			);
			defaultConfigurationIsVisible = 0;
			defaultConfigurationName = Release;
		};
		BE7B85C72A8A38E90040F293 /* Build configuration list for PBXNativeTarget "IDev" */ = {
			isa = XCConfigurationList;
			buildConfigurations = (
				BE7B85C82A8A38E90040F293 /* Debug */,
				BE7B85C92A8A38E90040F293 /* Release */,
			);
			defaultConfigurationIsVisible = 0;
			defaultConfigurationName = Release;
		};
/* End XCConfigurationList section */

/* Begin XCRemoteSwiftPackageReference section */
		BE9D812D2AA942AA00D89AB0 /* XCRemoteSwiftPackageReference "GoogleSignIn-iOS" */ = {
			isa = XCRemoteSwiftPackageReference;
			repositoryURL = "https://github.com/google/GoogleSignIn-iOS.git";
			requirement = {
				branch = main;
				kind = branch;
			};
		};
		BE9D813A2AA9462600D89AB0 /* XCRemoteSwiftPackageReference "firebase-ios-sdk" */ = {
			isa = XCRemoteSwiftPackageReference;
			repositoryURL = "https://github.com/firebase/firebase-ios-sdk";
			requirement = {
				branch = master;
				kind = branch;
			};
		};
/* End XCRemoteSwiftPackageReference section */

/* Begin XCSwiftPackageProductDependency section */
		BE9D812E2AA942AA00D89AB0 /* GoogleSignIn */ = {
			isa = XCSwiftPackageProductDependency;
			package = BE9D812D2AA942AA00D89AB0 /* XCRemoteSwiftPackageReference "GoogleSignIn-iOS" */;
			productName = GoogleSignIn;
		};
		BE9D81302AA942AA00D89AB0 /* GoogleSignInSwift */ = {
			isa = XCSwiftPackageProductDependency;
			package = BE9D812D2AA942AA00D89AB0 /* XCRemoteSwiftPackageReference "GoogleSignIn-iOS" */;
			productName = GoogleSignInSwift;
		};
		BE9D813B2AA9462600D89AB0 /* FirebaseAuth */ = {
			isa = XCSwiftPackageProductDependency;
			package = BE9D813A2AA9462600D89AB0 /* XCRemoteSwiftPackageReference "firebase-ios-sdk" */;
			productName = FirebaseAuth;
		};
		BE9D813D2AA9462600D89AB0 /* FirebaseDatabase */ = {
			isa = XCSwiftPackageProductDependency;
			package = BE9D813A2AA9462600D89AB0 /* XCRemoteSwiftPackageReference "firebase-ios-sdk" */;
			productName = FirebaseDatabase;
		};
		BE9D813F2AA9462600D89AB0 /* FirebaseFirestore */ = {
			isa = XCSwiftPackageProductDependency;
			package = BE9D813A2AA9462600D89AB0 /* XCRemoteSwiftPackageReference "firebase-ios-sdk" */;
			productName = FirebaseFirestore;
		};
		BE9D81412AA9462600D89AB0 /* FirebaseFirestoreSwift */ = {
			isa = XCSwiftPackageProductDependency;
			package = BE9D813A2AA9462600D89AB0 /* XCRemoteSwiftPackageReference "firebase-ios-sdk" */;
			productName = FirebaseFirestoreSwift;
		};
		BE9D81432AA9462600D89AB0 /* FirebaseStorage */ = {
			isa = XCSwiftPackageProductDependency;
			package = BE9D813A2AA9462600D89AB0 /* XCRemoteSwiftPackageReference "firebase-ios-sdk" */;
			productName = FirebaseStorage;
		};
/* End XCSwiftPackageProductDependency section */

/* Begin XCVersionGroup section */
		BE356A912AA908AA00C8FD8E /* IDev.xcdatamodeld */ = {
			isa = XCVersionGroup;
			children = (
				BE356A922AA908AA00C8FD8E /* IDev.xcdatamodel */,
			);
			currentVersion = BE356A922AA908AA00C8FD8E /* IDev.xcdatamodel */;
			path = IDev.xcdatamodeld;
			sourceTree = "<group>";
			versionGroupType = wrapper.xcdatamodel;
		};
/* End XCVersionGroup section */
	};
	rootObject = BE7B85B12A8A38E80040F293 /* Project object */;
}
